// !$*UTF8*$!
{
	archiveVersion = 1;
	classes = {
	};
	objectVersion = 50;
	objects = {

/* Begin PBXBuildFile section */
		03F3440621E625BB0099D331 /* AppDelegate.swift in Sources */ = {isa = PBXBuildFile; fileRef = 03F3440521E625BB0099D331 /* AppDelegate.swift */; };
		03F3440821E625BB0099D331 /* art.scnassets in Resources */ = {isa = PBXBuildFile; fileRef = 03F3440721E625BB0099D331 /* art.scnassets */; };
		03F3440A21E625BB0099D331 /* ViewController.swift in Sources */ = {isa = PBXBuildFile; fileRef = 03F3440921E625BB0099D331 /* ViewController.swift */; };
		03F3440D21E625BB0099D331 /* Main.storyboard in Resources */ = {isa = PBXBuildFile; fileRef = 03F3440B21E625BB0099D331 /* Main.storyboard */; };
		03F3440F21E625BD0099D331 /* Assets.xcassets in Resources */ = {isa = PBXBuildFile; fileRef = 03F3440E21E625BD0099D331 /* Assets.xcassets */; };
		03F3441221E625BD0099D331 /* LaunchScreen.storyboard in Resources */ = {isa = PBXBuildFile; fileRef = 03F3441021E625BD0099D331 /* LaunchScreen.storyboard */; };
/* End PBXBuildFile section */

/* Begin PBXFileReference section */
		03F3440221E625BB0099D331 /* ARRollTheDice.app */ = {isa = PBXFileReference; explicitFileType = wrapper.application; includeInIndex = 0; path = ARRollTheDice.app; sourceTree = BUILT_PRODUCTS_DIR; };
		03F3440521E625BB0099D331 /* AppDelegate.swift */ = {isa = PBXFileReference; lastKnownFileType = sourcecode.swift; path = AppDelegate.swift; sourceTree = "<group>"; };
		03F3440721E625BB0099D331 /* art.scnassets */ = {isa = PBXFileReference; lastKnownFileType = wrapper.scnassets; path = art.scnassets; sourceTree = "<group>"; };
		03F3440921E625BB0099D331 /* ViewController.swift */ = {isa = PBXFileReference; lastKnownFileType = sourcecode.swift; path = ViewController.swift; sourceTree = "<group>"; };
		03F3440C21E625BB0099D331 /* Base */ = {isa = PBXFileReference; lastKnownFileType = file.storyboard; name = Base; path = Base.lproj/Main.storyboard; sourceTree = "<group>"; };
		03F3440E21E625BD0099D331 /* Assets.xcassets */ = {isa = PBXFileReference; lastKnownFileType = folder.assetcatalog; path = Assets.xcassets; sourceTree = "<group>"; };
		03F3441121E625BD0099D331 /* Base */ = {isa = PBXFileReference; lastKnownFileType = file.storyboard; name = Base; path = Base.lproj/LaunchScreen.storyboard; sourceTree = "<group>"; };
		03F3441321E625BD0099D331 /* Info.plist */ = {isa = PBXFileReference; lastKnownFileType = text.plist.xml; path = Info.plist; sourceTree = "<group>"; };
/* End PBXFileReference section */

/* Begin PBXFrameworksBuildPhase section */
		03F343FF21E625BB0099D331 /* Frameworks */ = {
			isa = PBXFrameworksBuildPhase;
			buildActionMask = 2147483647;
			files = (
			);
			runOnlyForDeploymentPostprocessing = 0;
		};
/* End PBXFrameworksBuildPhase section */

/* Begin PBXGroup section */
		03F343F921E625BB0099D331 = {
			isa = PBXGroup;
			children = (
				03F3440421E625BB0099D331 /* ARRollTheDice */,
				03F3440321E625BB0099D331 /* Products */,
			);
			sourceTree = "<group>";
		};
		03F3440321E625BB0099D331 /* Products */ = {
			isa = PBXGroup;
			children = (
				03F3440221E625BB0099D331 /* ARRollTheDice.app */,
			);
			name = Products;
			sourceTree = "<group>";
		};
		03F3440421E625BB0099D331 /* ARRollTheDice */ = {
			isa = PBXGroup;
			children = (
				03F3440521E625BB0099D331 /* AppDelegate.swift */,
				03F3440921E625BB0099D331 /* ViewController.swift */,
				03F3440B21E625BB0099D331 /* Main.storyboard */,
				03F3440721E625BB0099D331 /* art.scnassets */,
				03F3440E21E625BD0099D331 /* Assets.xcassets */,
				03F3441021E625BD0099D331 /* LaunchScreen.storyboard */,
				03F3441321E625BD0099D331 /* Info.plist */,
			);
			path = ARRollTheDice;
			sourceTree = "<group>";
		};
/* End PBXGroup section */

/* Begin PBXNativeTarget section */
		03F3440121E625BB0099D331 /* ARRollTheDice */ = {
			isa = PBXNativeTarget;
			buildConfigurationList = 03F3441621E625BD0099D331 /* Build configuration list for PBXNativeTarget "ARRollTheDice" */;
			buildPhases = (
				03F343FE21E625BB0099D331 /* Sources */,
				03F343FF21E625BB0099D331 /* Frameworks */,
				03F3440021E625BB0099D331 /* Resources */,
			);
			buildRules = (
			);
			dependencies = (
			);
			name = ARRollTheDice;
			productName = ARRollTheDice;
			productReference = 03F3440221E625BB0099D331 /* ARRollTheDice.app */;
			productType = "com.apple.product-type.application";
		};
/* End PBXNativeTarget section */

/* Begin PBXProject section */
		03F343FA21E625BB0099D331 /* Project object */ = {
			isa = PBXProject;
			attributes = {
				LastSwiftUpdateCheck = 1000;
				LastUpgradeCheck = 1000;
				ORGANIZATIONNAME = "Bold Lion";
				TargetAttributes = {
					03F3440121E625BB0099D331 = {
						CreatedOnToolsVersion = 10.0;
					};
				};
			};
			buildConfigurationList = 03F343FD21E625BB0099D331 /* Build configuration list for PBXProject "ARRollTheDice" */;
			compatibilityVersion = "Xcode 9.3";
			developmentRegion = en;
			hasScannedForEncodings = 0;
			knownRegions = (
				en,
				Base,
			);
			mainGroup = 03F343F921E625BB0099D331;
			productRefGroup = 03F3440321E625BB0099D331 /* Products */;
			projectDirPath = "";
			projectRoot = "";
			targets = (
				03F3440121E625BB0099D331 /* ARRollTheDice */,
			);
		};
/* End PBXProject section */

/* Begin PBXResourcesBuildPhase section */
		03F3440021E625BB0099D331 /* Resources */ = {
			isa = PBXResourcesBuildPhase;
			buildActionMask = 2147483647;
			files = (
				03F3440821E625BB0099D331 /* art.scnassets in Resources */,
				03F3441221E625BD0099D331 /* LaunchScreen.storyboard in Resources */,
				03F3440F21E625BD0099D331 /* Assets.xcassets in Resources */,
				03F3440D21E625BB0099D331 /* Main.storyboard in Resources */,
			);
			runOnlyForDeploymentPostprocessing = 0;
		};
/* End PBXResourcesBuildPhase section */

/* Begin PBXSourcesBuildPhase section */
		03F343FE21E625BB0099D331 /* Sources */ = {
			isa = PBXSourcesBuildPhase;
			buildActionMask = 2147483647;
			files = (
				03F3440A21E625BB0099D331 /* ViewController.swift in Sources */,
				03F3440621E625BB0099D331 /* AppDelegate.swift in Sources */,
			);
			runOnlyForDeploymentPostprocessing = 0;
		};
/* End PBXSourcesBuildPhase section */

/* Begin PBXVariantGroup section */
		03F3440B21E625BB0099D331 /* Main.storyboard */ = {
			isa = PBXVariantGroup;
			children = (
				03F3440C21E625BB0099D331 /* Base */,
			);
			name = Main.storyboard;
			sourceTree = "<group>";
		};
		03F3441021E625BD0099D331 /* LaunchScreen.storyboard */ = {
			isa = PBXVariantGroup;
			children = (
				03F3441121E625BD0099D331 /* Base */,
			);
			name = LaunchScreen.storyboard;
			sourceTree = "<group>";
		};
/* End PBXVariantGroup section */

/* Begin XCBuildConfiguration section */
		03F3441421E625BD0099D331 /* Debug */ = {
			isa = XCBuildConfiguration;
			buildSettings = {
				ALWAYS_SEARCH_USER_PATHS = NO;
				CLANG_ANALYZER_NONNULL = YES;
				CLANG_ANALYZER_NUMBER_OBJECT_CONVERSION = YES_AGGRESSIVE;
				CLANG_CXX_LANGUAGE_STANDARD = "gnu++14";
				CLANG_CXX_LIBRARY = "libc++";
				CLANG_ENABLE_MODULES = YES;
				CLANG_ENABLE_OBJC_ARC = YES;
				CLANG_ENABLE_OBJC_WEAK = YES;
				CLANG_WARN_BLOCK_CAPTURE_AUTORELEASING = YES;
				CLANG_WARN_BOOL_CONVERSION = YES;
				CLANG_WARN_COMMA = YES;
				CLANG_WARN_CONSTANT_CONVERSION = YES;
				CLANG_WARN_DEPRECATED_OBJC_IMPLEMENTATIONS = YES;
				CLANG_WARN_DIRECT_OBJC_ISA_USAGE = YES_ERROR;
				CLANG_WARN_DOCUMENTATION_COMMENTS = YES;
				CLANG_WARN_EMPTY_BODY = YES;
				CLANG_WARN_ENUM_CONVERSION = YES;
				CLANG_WARN_INFINITE_RECURSION = YES;
				CLANG_WARN_INT_CONVERSION = YES;
				CLANG_WARN_NON_LITERAL_NULL_CONVERSION = YES;
				CLANG_WARN_OBJC_IMPLICIT_RETAIN_SELF = YES;
				CLANG_WARN_OBJC_LITERAL_CONVERSION = YES;
				CLANG_WARN_OBJC_ROOT_CLASS = YES_ERROR;
				CLANG_WARN_RANGE_LOOP_ANALYSIS = YES;
				CLANG_WARN_STRICT_PROTOTYPES = YES;
				CLANG_WARN_SUSPICIOUS_MOVE = YES;
				CLANG_WARN_UNGUARDED_AVAILABILITY = YES_AGGRESSIVE;
				CLANG_WARN_UNREACHABLE_CODE = YES;
				CLANG_WARN__DUPLICATE_METHOD_MATCH = YES;
				CODE_SIGN_IDENTITY = "iPhone Developer";
				COPY_PHASE_STRIP = NO;
				DEBUG_INFORMATION_FORMAT = dwarf;
				ENABLE_STRICT_OBJC_MSGSEND = YES;
				ENABLE_TESTABILITY = YES;
				GCC_C_LANGUAGE_STANDARD = gnu11;
				GCC_DYNAMIC_NO_PIC = NO;
				GCC_NO_COMMON_BLOCKS = YES;
				GCC_OPTIMIZATION_LEVEL = 0;
				GCC_PREPROCESSOR_DEFINITIONS = (
					"DEBUG=1",
					"$(inherited)",
				);
				GCC_WARN_64_TO_32_BIT_CONVERSION = YES;
				GCC_WARN_ABOUT_RETURN_TYPE = YES_ERROR;
				GCC_WARN_UNDECLARED_SELECTOR = YES;
				GCC_WARN_UNINITIALIZED_AUTOS = YES_AGGRESSIVE;
				GCC_WARN_UNUSED_FUNCTION = YES;
				GCC_WARN_UNUSED_VARIABLE = YES;
				IPHONEOS_DEPLOYMENT_TARGET = 12.0;
				MTL_ENABLE_DEBUG_INFO = INCLUDE_SOURCE;
				MTL_FAST_MATH = YES;
				ONLY_ACTIVE_ARCH = YES;
				SDKROOT = iphoneos;
				SWIFT_ACTIVE_COMPILATION_CONDITIONS = DEBUG;
				SWIFT_OPTIMIZATION_LEVEL = "-Onone";
			};
			name = Debug;
		};
		03F3441521E625BD0099D331 /* Release */ = {
			isa = XCBuildConfiguration;
			buildSettings = {
				ALWAYS_SEARCH_USER_PATHS = NO;
				CLANG_ANALYZER_NONNULL = YES;
				CLANG_ANALYZER_NUMBER_OBJECT_CONVERSION = YES_AGGRESSIVE;
				CLANG_CXX_LANGUAGE_STANDARD = "gnu++14";
				CLANG_CXX_LIBRARY = "libc++";
				CLANG_ENABLE_MODULES = YES;
				CLANG_ENABLE_OBJC_ARC = YES;
				CLANG_ENABLE_OBJC_WEAK = YES;
				CLANG_WARN_BLOCK_CAPTURE_AUTORELEASING = YES;
				CLANG_WARN_BOOL_CONVERSION = YES;
				CLANG_WARN_COMMA = YES;
				CLANG_WARN_CONSTANT_CONVERSION = YES;
				CLANG_WARN_DEPRECATED_OBJC_IMPLEMENTATIONS = YES;
				CLANG_WARN_DIRECT_OBJC_ISA_USAGE = YES_ERROR;
				CLANG_WARN_DOCUMENTATION_COMMENTS = YES;
				CLANG_WARN_EMPTY_BODY = YES;
				CLANG_WARN_ENUM_CONVERSION = YES;
				CLANG_WARN_INFINITE_RECURSION = YES;
				CLANG_WARN_INT_CONVERSION = YES;
				CLANG_WARN_NON_LITERAL_NULL_CONVERSION = YES;
				CLANG_WARN_OBJC_IMPLICIT_RETAIN_SELF = YES;
				CLANG_WARN_OBJC_LITERAL_CONVERSION = YES;
				CLANG_WARN_OBJC_ROOT_CLASS = YES_ERROR;
				CLANG_WARN_RANGE_LOOP_ANALYSIS = YES;
				CLANG_WARN_STRICT_PROTOTYPES = YES;
				CLANG_WARN_SUSPICIOUS_MOVE = YES;
				CLANG_WARN_UNGUARDED_AVAILABILITY = YES_AGGRESSIVE;
				CLANG_WARN_UNREACHABLE_CODE = YES;
				CLANG_WARN__DUPLICATE_METHOD_MATCH = YES;
				CODE_SIGN_IDENTITY = "iPhone Developer";
				COPY_PHASE_STRIP = NO;
				DEBUG_INFORMATION_FORMAT = "dwarf-with-dsym";
				ENABLE_NS_ASSERTIONS = NO;
				ENABLE_STRICT_OBJC_MSGSEND = YES;
				GCC_C_LANGUAGE_STANDARD = gnu11;
				GCC_NO_COMMON_BLOCKS = YES;
				GCC_WARN_64_TO_32_BIT_CONVERSION = YES;
				GCC_WARN_ABOUT_RETURN_TYPE = YES_ERROR;
				GCC_WARN_UNDECLARED_SELECTOR = YES;
				GCC_WARN_UNINITIALIZED_AUTOS = YES_AGGRESSIVE;
				GCC_WARN_UNUSED_FUNCTION = YES;
				GCC_WARN_UNUSED_VARIABLE = YES;
				IPHONEOS_DEPLOYMENT_TARGET = 12.0;
				MTL_ENABLE_DEBUG_INFO = NO;
				MTL_FAST_MATH = YES;
				SDKROOT = iphoneos;
				SWIFT_COMPILATION_MODE = wholemodule;
				SWIFT_OPTIMIZATION_LEVEL = "-O";
				VALIDATE_PRODUCT = YES;
			};
			name = Release;
		};
		03F3441721E625BD0099D331 /* Debug */ = {
			isa = XCBuildConfiguration;
			buildSettings = {
				ASSETCATALOG_COMPILER_APPICON_NAME = AppIcon;
				CODE_SIGN_STYLE = Automatic;
				DEVELOPMENT_TEAM = C7Z3QND73W;
				INFOPLIST_FILE = ARRollTheDice/Info.plist;
				LD_RUNPATH_SEARCH_PATHS = (
					"$(inherited)",
					"@executable_path/Frameworks",
				);
				PRODUCT_BUNDLE_IDENTIFIER = com.example.ARRollTheDice;
				PRODUCT_NAME = "$(TARGET_NAME)";
				SWIFT_VERSION = 4.2;
				TARGETED_DEVICE_FAMILY = "1,2";
			};
			name = Debug;
		};
		03F3441821E625BD0099D331 /* Release */ = {
			isa = XCBuildConfiguration;
			buildSettings = {
				ASSETCATALOG_COMPILER_APPICON_NAME = AppIcon;
				CODE_SIGN_STYLE = Automatic;
				DEVELOPMENT_TEAM = C7Z3QND73W;
				INFOPLIST_FILE = ARRollTheDice/Info.plist;
				LD_RUNPATH_SEARCH_PATHS = (
					"$(inherited)",
					"@executable_path/Frameworks",
				);
				PRODUCT_BUNDLE_IDENTIFIER = com.example.ARRollTheDice;
				PRODUCT_NAME = "$(TARGET_NAME)";
				SWIFT_VERSION = 4.2;
				TARGETED_DEVICE_FAMILY = "1,2";
			};
			name = Release;
		};
/* End XCBuildConfiguration section */

/* Begin XCConfigurationList section */
		03F343FD21E625BB0099D331 /* Build configuration list for PBXProject "ARRollTheDice" */ = {
			isa = XCConfigurationList;
			buildConfigurations = (
				03F3441421E625BD0099D331 /* Debug */,
				03F3441521E625BD0099D331 /* Release */,
			);
			defaultConfigurationIsVisible = 0;
			defaultConfigurationName = Release;
		};
		03F3441621E625BD0099D331 /* Build configuration list for PBXNativeTarget "ARRollTheDice" */ = {
			isa = XCConfigurationList;
			buildConfigurations = (
				03F3441721E625BD0099D331 /* Debug */,
				03F3441821E625BD0099D331 /* Release */,
			);
			defaultConfigurationIsVisible = 0;
			defaultConfigurationName = Release;
		};
/* End XCConfigurationList section */
	};
	rootObject = 03F343FA21E625BB0099D331 /* Project object */;
}
